Microsoft Visual Studio Solution File, Format Version 11.00
# Visual Studio 2010
Project("{FAE04EC0-301F-11D3-BF4B-00C04F79EFBC}") = "FUBUPROJECTNAME", "src\FUBUPROJECTNAME\FUBUPROJECTNAME.csproj", "{FACEFACE-FACE-FACE-FACE-FACEFACEFACE}"
EndProject
Global
	GlobalSection(SolutionConfigurationPlatforms) = preSolution
		Debug|Any CPU = Debug|Any CPU
		Release|Any CPU = Release|Any CPU
	EndGlobalSection
	GlobalSection(ProjectConfigurationPlatforms) = postSolution
		{FACEFACE-FACE-FACE-FACE-FACEFACEFACE}.Debug|Any CPU.ActiveCfg = Debug|Any CPU
		{FACEFACE-FACE-FACE-FACE-FACEFACEFACE}.Debug|Any CPU.Build.0 = Debug|Any CPU
		{FACEFACE-FACE-FACE-FACE-FACEFACEFACE}.Release|Any CPU.ActiveCfg = Release|Any CPU
		{FACEFACE-FACE-FACE-FACE-FACEFACEFACE}.Release|Any CPU.Build.0 = Release|Any CPU
	EndGlobalSection
	GlobalSection(SolutionProperties) = preSolution
		HideSolutionNode = FALSE
	EndGlobalSection
EndGlobal
