
Microsoft Visual Studio Solution File, Format Version 11.00
# Visual Studio 2010
Project("{FAE04EC0-301F-11D3-BF4B-00C04F79EFBC}") = "FubuMVC.Core", "FubuMVC.Core\FubuMVC.Core.csproj", "{E18FD922-0E7A-49CD-B89F-473826077B9D}"
EndProject
Project("{FAE04EC0-301F-11D3-BF4B-00C04F79EFBC}") = "FubuMVC.Tests", "FubuMVC.Tests\FubuMVC.Tests.csproj", "{FEB91F9F-ECE2-480C-B39C-A44BBF1F7B01}"
EndProject
Project("{2150E333-8FDC-42A3-9474-1A3956D46DE8}") = "__Build_Utilities", "__Build_Utilities", "{7AC4D197-535A-4686-8E21-18257B2ADB3A}"
	ProjectSection(SolutionItems) = preProject
		..\Build.bat = ..\Build.bat
		..\InstallGems.bat = ..\InstallGems.bat
	EndProjectSection
EndProject
Project("{FAE04EC0-301F-11D3-BF4B-00C04F79EFBC}") = "FubuMVC.StructureMap", "FubuMVC.StructureMap\FubuMVC.StructureMap.csproj", "{ABFEA520-820C-4B77-9015-6A09E24252FA}"
EndProject
Project("{FAE04EC0-301F-11D3-BF4B-00C04F79EFBC}") = "FubuMVC.FakeControllers", "FubuMVC.FakeControllers\FubuMVC.FakeControllers.csproj", "{E8128BAA-BAF7-4164-9786-B9B23E555B96}"
EndProject
Project("{FAE04EC0-301F-11D3-BF4B-00C04F79EFBC}") = "HtmlTags", "HtmlTags\HtmlTags.csproj", "{F01C84F2-6E41-404C-AC8D-BF189A9EC05B}"
EndProject
Project("{FAE04EC0-301F-11D3-BF4B-00C04F79EFBC}") = "HtmlTags.Testing", "HtmlTags.Testing\HtmlTags.Testing.csproj", "{559D9267-35CA-49DE-8928-E0AE222CF04A}"
EndProject
Project("{FAE04EC0-301F-11D3-BF4B-00C04F79EFBC}") = "FubuMVC.HelloWorld", "FubuMVC.HelloWorld\FubuMVC.HelloWorld.csproj", "{9AAE2096-6F09-46E4-8BD2-D5A7E8E26047}"
EndProject
Project("{FAE04EC0-301F-11D3-BF4B-00C04F79EFBC}") = "Spark.Web.FubuMVC", "Spark.Web.FubuMVC\Spark.Web.FubuMVC.csproj", "{E0CE2949-1667-4C21-8DEC-70615A77D62F}"
EndProject
Project("{FAE04EC0-301F-11D3-BF4B-00C04F79EFBC}") = "Spark.Web.FubuMVC.Tests", "Spark.Web.FubuMVC.Tests\Spark.Web.FubuMVC.Tests.csproj", "{363851FE-E3D1-495D-9171-C022116C89D4}"
EndProject
Project("{FAE04EC0-301F-11D3-BF4B-00C04F79EFBC}") = "FubuMVC.HelloSpark", "FubuMVC.HelloSpark\FubuMVC.HelloSpark.csproj", "{636577E9-7FEB-4CA8-9C05-59357C05FCE1}"
EndProject
Project("{FAE04EC0-301F-11D3-BF4B-00C04F79EFBC}") = "FubuCore", "FubuCore\FubuCore.csproj", "{342B987C-E0A4-4129-958D-8E08084E8A06}"
EndProject
Project("{FAE04EC0-301F-11D3-BF4B-00C04F79EFBC}") = "FubuCore.Testing", "FubuCore.Testing\FubuCore.Testing.csproj", "{F2F97121-B7E0-4435-8F38-47EB9B5C8E36}"
EndProject
Project("{FAE04EC0-301F-11D3-BF4B-00C04F79EFBC}") = "Fubu", "Fubu\Fubu.csproj", "{90DBE31C-948D-47AF-8C17-0056511A7313}"
EndProject
Project("{FAE04EC0-301F-11D3-BF4B-00C04F79EFBC}") = "FubuTestApplication", "FubuTestApplication\FubuTestApplication.csproj", "{8FFDBE50-4E00-4940-BC8F-7AF85278B247}"
EndProject
Project("{FAE04EC0-301F-11D3-BF4B-00C04F79EFBC}") = "IntegrationTesting", "StoryTellerTesting\IntegrationTesting.csproj", "{022C7B24-4417-493F-9F70-E3F4035FBEDA}"
EndProject
Project("{FAE04EC0-301F-11D3-BF4B-00C04F79EFBC}") = "TestPackage1", "TestPackage1\TestPackage1.csproj", "{1F18D6EB-4D9C-407A-BD70-C5D525E377B6}"
EndProject
Project("{FAE04EC0-301F-11D3-BF4B-00C04F79EFBC}") = "TestPackage2", "TestPackage2\TestPackage2.csproj", "{290ECAD5-5086-4020-B137-C6AFA7C50874}"
EndProject
Project("{FAE04EC0-301F-11D3-BF4B-00C04F79EFBC}") = "TestPackage3", "TestPackage3\TestPackage3.csproj", "{2F439925-4A3E-4476-B08E-221A41FA8F35}"
EndProject
Project("{FAE04EC0-301F-11D3-BF4B-00C04F79EFBC}") = "FubuValidation", "FubuValidation\FubuValidation.csproj", "{D100D12E-9818-4578-B25E-C1EDA3477820}"
EndProject
Project("{FAE04EC0-301F-11D3-BF4B-00C04F79EFBC}") = "FubuValidation.Tests", "FubuValidation.Tests\FubuValidation.Tests.csproj", "{BEC92347-1382-4D05-BC3E-5F9162A859C4}"
EndProject
Project("{FAE04EC0-301F-11D3-BF4B-00C04F79EFBC}") = "FubuLocalization", "FubuLocalization\FubuLocalization.csproj", "{05E7BD1E-6AB0-4D6E-91EB-B004AFA1A619}"
EndProject
Project("{FAE04EC0-301F-11D3-BF4B-00C04F79EFBC}") = "FubuLocalization.Tests", "FubuLocalization.Tests\FubuLocalization.Tests.csproj", "{AFD1AFE7-0B3E-4087-ABF8-73B7E212D320}"
EndProject
Project("{FAE04EC0-301F-11D3-BF4B-00C04F79EFBC}") = "FubuFastPack", "FubuFastPack\FubuFastPack.csproj", "{F274E0DD-F9B1-41FE-A3F6-89EE74FE3F56}"
EndProject
Project("{FAE04EC0-301F-11D3-BF4B-00C04F79EFBC}") = "FubuFastPack.Testing", "FubuFastPack.Testing\FubuFastPack.Testing.csproj", "{90CB4AF5-491C-45DB-8F46-16D95B6A9F7F}"
EndProject
Global
	GlobalSection(SolutionConfigurationPlatforms) = preSolution
		Debug|Any CPU = Debug|Any CPU
		Debug|Mixed Platforms = Debug|Mixed Platforms
		Debug|x86 = Debug|x86
		Release|Any CPU = Release|Any CPU
		Release|Mixed Platforms = Release|Mixed Platforms
		Release|x86 = Release|x86
		Retail|Any CPU = Retail|Any CPU
		Retail|Mixed Platforms = Retail|Mixed Platforms
		Retail|x86 = Retail|x86
	EndGlobalSection
	GlobalSection(ProjectConfigurationPlatforms) = postSolution
		{E18FD922-0E7A-49CD-B89F-473826077B9D}.Debug|Any CPU.ActiveCfg = Debug|Any CPU
		{E18FD922-0E7A-49CD-B89F-473826077B9D}.Debug|Any CPU.Build.0 = Debug|Any CPU
		{E18FD922-0E7A-49CD-B89F-473826077B9D}.Debug|Mixed Platforms.ActiveCfg = Debug|Any CPU
		{E18FD922-0E7A-49CD-B89F-473826077B9D}.Debug|Mixed Platforms.Build.0 = Debug|Any CPU
		{E18FD922-0E7A-49CD-B89F-473826077B9D}.Debug|x86.ActiveCfg = Debug|Any CPU
		{E18FD922-0E7A-49CD-B89F-473826077B9D}.Release|Any CPU.ActiveCfg = Release|Any CPU
		{E18FD922-0E7A-49CD-B89F-473826077B9D}.Release|Any CPU.Build.0 = Release|Any CPU
		{E18FD922-0E7A-49CD-B89F-473826077B9D}.Release|Mixed Platforms.ActiveCfg = Release|Any CPU
		{E18FD922-0E7A-49CD-B89F-473826077B9D}.Release|Mixed Platforms.Build.0 = Release|Any CPU
		{E18FD922-0E7A-49CD-B89F-473826077B9D}.Release|x86.ActiveCfg = Release|Any CPU
		{E18FD922-0E7A-49CD-B89F-473826077B9D}.Retail|Any CPU.ActiveCfg = Release|Any CPU
		{E18FD922-0E7A-49CD-B89F-473826077B9D}.Retail|Any CPU.Build.0 = Release|Any CPU
		{E18FD922-0E7A-49CD-B89F-473826077B9D}.Retail|Mixed Platforms.ActiveCfg = Release|Any CPU
		{E18FD922-0E7A-49CD-B89F-473826077B9D}.Retail|Mixed Platforms.Build.0 = Release|Any CPU
		{E18FD922-0E7A-49CD-B89F-473826077B9D}.Retail|x86.ActiveCfg = Release|Any CPU
		{FEB91F9F-ECE2-480C-B39C-A44BBF1F7B01}.Debug|Any CPU.ActiveCfg = Debug|Any CPU
		{FEB91F9F-ECE2-480C-B39C-A44BBF1F7B01}.Debug|Any CPU.Build.0 = Debug|Any CPU
		{FEB91F9F-ECE2-480C-B39C-A44BBF1F7B01}.Debug|Mixed Platforms.ActiveCfg = Debug|Any CPU
		{FEB91F9F-ECE2-480C-B39C-A44BBF1F7B01}.Debug|Mixed Platforms.Build.0 = Debug|Any CPU
		{FEB91F9F-ECE2-480C-B39C-A44BBF1F7B01}.Debug|x86.ActiveCfg = Debug|Any CPU
		{FEB91F9F-ECE2-480C-B39C-A44BBF1F7B01}.Release|Any CPU.ActiveCfg = Release|Any CPU
		{FEB91F9F-ECE2-480C-B39C-A44BBF1F7B01}.Release|Any CPU.Build.0 = Release|Any CPU
		{FEB91F9F-ECE2-480C-B39C-A44BBF1F7B01}.Release|Mixed Platforms.ActiveCfg = Release|Any CPU
		{FEB91F9F-ECE2-480C-B39C-A44BBF1F7B01}.Release|Mixed Platforms.Build.0 = Release|Any CPU
		{FEB91F9F-ECE2-480C-B39C-A44BBF1F7B01}.Release|x86.ActiveCfg = Release|Any CPU
		{FEB91F9F-ECE2-480C-B39C-A44BBF1F7B01}.Retail|Any CPU.ActiveCfg = Release|Any CPU
		{FEB91F9F-ECE2-480C-B39C-A44BBF1F7B01}.Retail|Any CPU.Build.0 = Release|Any CPU
		{FEB91F9F-ECE2-480C-B39C-A44BBF1F7B01}.Retail|Mixed Platforms.ActiveCfg = Release|Any CPU
		{FEB91F9F-ECE2-480C-B39C-A44BBF1F7B01}.Retail|Mixed Platforms.Build.0 = Release|Any CPU
		{FEB91F9F-ECE2-480C-B39C-A44BBF1F7B01}.Retail|x86.ActiveCfg = Release|Any CPU
		{ABFEA520-820C-4B77-9015-6A09E24252FA}.Debug|Any CPU.ActiveCfg = Debug|Any CPU
		{ABFEA520-820C-4B77-9015-6A09E24252FA}.Debug|Any CPU.Build.0 = Debug|Any CPU
		{ABFEA520-820C-4B77-9015-6A09E24252FA}.Debug|Mixed Platforms.ActiveCfg = Debug|Any CPU
		{ABFEA520-820C-4B77-9015-6A09E24252FA}.Debug|Mixed Platforms.Build.0 = Debug|Any CPU
		{ABFEA520-820C-4B77-9015-6A09E24252FA}.Debug|x86.ActiveCfg = Debug|Any CPU
		{ABFEA520-820C-4B77-9015-6A09E24252FA}.Release|Any CPU.ActiveCfg = Release|Any CPU
		{ABFEA520-820C-4B77-9015-6A09E24252FA}.Release|Any CPU.Build.0 = Release|Any CPU
		{ABFEA520-820C-4B77-9015-6A09E24252FA}.Release|Mixed Platforms.ActiveCfg = Release|Any CPU
		{ABFEA520-820C-4B77-9015-6A09E24252FA}.Release|Mixed Platforms.Build.0 = Release|Any CPU
		{ABFEA520-820C-4B77-9015-6A09E24252FA}.Release|x86.ActiveCfg = Release|Any CPU
		{ABFEA520-820C-4B77-9015-6A09E24252FA}.Retail|Any CPU.ActiveCfg = Release|Any CPU
		{ABFEA520-820C-4B77-9015-6A09E24252FA}.Retail|Any CPU.Build.0 = Release|Any CPU
		{ABFEA520-820C-4B77-9015-6A09E24252FA}.Retail|Mixed Platforms.ActiveCfg = Release|Any CPU
		{ABFEA520-820C-4B77-9015-6A09E24252FA}.Retail|Mixed Platforms.Build.0 = Release|Any CPU
		{ABFEA520-820C-4B77-9015-6A09E24252FA}.Retail|x86.ActiveCfg = Release|Any CPU
		{E8128BAA-BAF7-4164-9786-B9B23E555B96}.Debug|Any CPU.ActiveCfg = Debug|Any CPU
		{E8128BAA-BAF7-4164-9786-B9B23E555B96}.Debug|Any CPU.Build.0 = Debug|Any CPU
		{E8128BAA-BAF7-4164-9786-B9B23E555B96}.Debug|Mixed Platforms.ActiveCfg = Debug|Any CPU
		{E8128BAA-BAF7-4164-9786-B9B23E555B96}.Debug|Mixed Platforms.Build.0 = Debug|Any CPU
		{E8128BAA-BAF7-4164-9786-B9B23E555B96}.Debug|x86.ActiveCfg = Debug|Any CPU
		{E8128BAA-BAF7-4164-9786-B9B23E555B96}.Release|Any CPU.ActiveCfg = Release|Any CPU
		{E8128BAA-BAF7-4164-9786-B9B23E555B96}.Release|Any CPU.Build.0 = Release|Any CPU
		{E8128BAA-BAF7-4164-9786-B9B23E555B96}.Release|Mixed Platforms.ActiveCfg = Release|Any CPU
		{E8128BAA-BAF7-4164-9786-B9B23E555B96}.Release|Mixed Platforms.Build.0 = Release|Any CPU
		{E8128BAA-BAF7-4164-9786-B9B23E555B96}.Release|x86.ActiveCfg = Release|Any CPU
		{E8128BAA-BAF7-4164-9786-B9B23E555B96}.Retail|Any CPU.ActiveCfg = Release|Any CPU
		{E8128BAA-BAF7-4164-9786-B9B23E555B96}.Retail|Any CPU.Build.0 = Release|Any CPU
		{E8128BAA-BAF7-4164-9786-B9B23E555B96}.Retail|Mixed Platforms.ActiveCfg = Release|Any CPU
		{E8128BAA-BAF7-4164-9786-B9B23E555B96}.Retail|Mixed Platforms.Build.0 = Release|Any CPU
		{E8128BAA-BAF7-4164-9786-B9B23E555B96}.Retail|x86.ActiveCfg = Release|Any CPU
		{F01C84F2-6E41-404C-AC8D-BF189A9EC05B}.Debug|Any CPU.ActiveCfg = Debug|Any CPU
		{F01C84F2-6E41-404C-AC8D-BF189A9EC05B}.Debug|Any CPU.Build.0 = Debug|Any CPU
		{F01C84F2-6E41-404C-AC8D-BF189A9EC05B}.Debug|Mixed Platforms.ActiveCfg = Debug|Any CPU
		{F01C84F2-6E41-404C-AC8D-BF189A9EC05B}.Debug|Mixed Platforms.Build.0 = Debug|Any CPU
		{F01C84F2-6E41-404C-AC8D-BF189A9EC05B}.Debug|x86.ActiveCfg = Debug|Any CPU
		{F01C84F2-6E41-404C-AC8D-BF189A9EC05B}.Release|Any CPU.ActiveCfg = Release|Any CPU
		{F01C84F2-6E41-404C-AC8D-BF189A9EC05B}.Release|Any CPU.Build.0 = Release|Any CPU
		{F01C84F2-6E41-404C-AC8D-BF189A9EC05B}.Release|Mixed Platforms.ActiveCfg = Release|Any CPU
		{F01C84F2-6E41-404C-AC8D-BF189A9EC05B}.Release|Mixed Platforms.Build.0 = Release|Any CPU
		{F01C84F2-6E41-404C-AC8D-BF189A9EC05B}.Release|x86.ActiveCfg = Release|Any CPU
		{F01C84F2-6E41-404C-AC8D-BF189A9EC05B}.Retail|Any CPU.ActiveCfg = Release|Any CPU
		{F01C84F2-6E41-404C-AC8D-BF189A9EC05B}.Retail|Any CPU.Build.0 = Release|Any CPU
		{F01C84F2-6E41-404C-AC8D-BF189A9EC05B}.Retail|Mixed Platforms.ActiveCfg = Release|Any CPU
		{F01C84F2-6E41-404C-AC8D-BF189A9EC05B}.Retail|Mixed Platforms.Build.0 = Release|Any CPU
		{F01C84F2-6E41-404C-AC8D-BF189A9EC05B}.Retail|x86.ActiveCfg = Release|Any CPU
		{559D9267-35CA-49DE-8928-E0AE222CF04A}.Debug|Any CPU.ActiveCfg = Debug|Any CPU
		{559D9267-35CA-49DE-8928-E0AE222CF04A}.Debug|Any CPU.Build.0 = Debug|Any CPU
		{559D9267-35CA-49DE-8928-E0AE222CF04A}.Debug|Mixed Platforms.ActiveCfg = Debug|Any CPU
		{559D9267-35CA-49DE-8928-E0AE222CF04A}.Debug|Mixed Platforms.Build.0 = Debug|Any CPU
		{559D9267-35CA-49DE-8928-E0AE222CF04A}.Debug|x86.ActiveCfg = Debug|Any CPU
		{559D9267-35CA-49DE-8928-E0AE222CF04A}.Release|Any CPU.ActiveCfg = Release|Any CPU
		{559D9267-35CA-49DE-8928-E0AE222CF04A}.Release|Any CPU.Build.0 = Release|Any CPU
		{559D9267-35CA-49DE-8928-E0AE222CF04A}.Release|Mixed Platforms.ActiveCfg = Release|Any CPU
		{559D9267-35CA-49DE-8928-E0AE222CF04A}.Release|Mixed Platforms.Build.0 = Release|Any CPU
		{559D9267-35CA-49DE-8928-E0AE222CF04A}.Release|x86.ActiveCfg = Release|Any CPU
		{559D9267-35CA-49DE-8928-E0AE222CF04A}.Retail|Any CPU.ActiveCfg = Release|Any CPU
		{559D9267-35CA-49DE-8928-E0AE222CF04A}.Retail|Any CPU.Build.0 = Release|Any CPU
		{559D9267-35CA-49DE-8928-E0AE222CF04A}.Retail|Mixed Platforms.ActiveCfg = Release|Any CPU
		{559D9267-35CA-49DE-8928-E0AE222CF04A}.Retail|Mixed Platforms.Build.0 = Release|Any CPU
		{559D9267-35CA-49DE-8928-E0AE222CF04A}.Retail|x86.ActiveCfg = Release|Any CPU
		{9AAE2096-6F09-46E4-8BD2-D5A7E8E26047}.Debug|Any CPU.ActiveCfg = Debug|Any CPU
		{9AAE2096-6F09-46E4-8BD2-D5A7E8E26047}.Debug|Any CPU.Build.0 = Debug|Any CPU
		{9AAE2096-6F09-46E4-8BD2-D5A7E8E26047}.Debug|Mixed Platforms.ActiveCfg = Debug|Any CPU
		{9AAE2096-6F09-46E4-8BD2-D5A7E8E26047}.Debug|Mixed Platforms.Build.0 = Debug|Any CPU
		{9AAE2096-6F09-46E4-8BD2-D5A7E8E26047}.Debug|x86.ActiveCfg = Debug|Any CPU
		{9AAE2096-6F09-46E4-8BD2-D5A7E8E26047}.Release|Any CPU.ActiveCfg = Release|Any CPU
		{9AAE2096-6F09-46E4-8BD2-D5A7E8E26047}.Release|Any CPU.Build.0 = Release|Any CPU
		{9AAE2096-6F09-46E4-8BD2-D5A7E8E26047}.Release|Mixed Platforms.ActiveCfg = Release|Any CPU
		{9AAE2096-6F09-46E4-8BD2-D5A7E8E26047}.Release|Mixed Platforms.Build.0 = Release|Any CPU
		{9AAE2096-6F09-46E4-8BD2-D5A7E8E26047}.Release|x86.ActiveCfg = Release|Any CPU
		{9AAE2096-6F09-46E4-8BD2-D5A7E8E26047}.Retail|Any CPU.ActiveCfg = Release|Any CPU
		{9AAE2096-6F09-46E4-8BD2-D5A7E8E26047}.Retail|Any CPU.Build.0 = Release|Any CPU
		{9AAE2096-6F09-46E4-8BD2-D5A7E8E26047}.Retail|Mixed Platforms.ActiveCfg = Release|Any CPU
		{9AAE2096-6F09-46E4-8BD2-D5A7E8E26047}.Retail|Mixed Platforms.Build.0 = Release|Any CPU
		{9AAE2096-6F09-46E4-8BD2-D5A7E8E26047}.Retail|x86.ActiveCfg = Release|Any CPU
		{E0CE2949-1667-4C21-8DEC-70615A77D62F}.Debug|Any CPU.ActiveCfg = Debug|Any CPU
		{E0CE2949-1667-4C21-8DEC-70615A77D62F}.Debug|Any CPU.Build.0 = Debug|Any CPU
		{E0CE2949-1667-4C21-8DEC-70615A77D62F}.Debug|Mixed Platforms.ActiveCfg = Debug|Any CPU
		{E0CE2949-1667-4C21-8DEC-70615A77D62F}.Debug|Mixed Platforms.Build.0 = Debug|Any CPU
		{E0CE2949-1667-4C21-8DEC-70615A77D62F}.Debug|x86.ActiveCfg = Debug|Any CPU
		{E0CE2949-1667-4C21-8DEC-70615A77D62F}.Release|Any CPU.ActiveCfg = Release|Any CPU
		{E0CE2949-1667-4C21-8DEC-70615A77D62F}.Release|Any CPU.Build.0 = Release|Any CPU
		{E0CE2949-1667-4C21-8DEC-70615A77D62F}.Release|Mixed Platforms.ActiveCfg = Release|Any CPU
		{E0CE2949-1667-4C21-8DEC-70615A77D62F}.Release|Mixed Platforms.Build.0 = Release|Any CPU
		{E0CE2949-1667-4C21-8DEC-70615A77D62F}.Release|x86.ActiveCfg = Release|Any CPU
		{E0CE2949-1667-4C21-8DEC-70615A77D62F}.Retail|Any CPU.ActiveCfg = Release|Any CPU
		{E0CE2949-1667-4C21-8DEC-70615A77D62F}.Retail|Any CPU.Build.0 = Release|Any CPU
		{E0CE2949-1667-4C21-8DEC-70615A77D62F}.Retail|Mixed Platforms.ActiveCfg = Release|Any CPU
		{E0CE2949-1667-4C21-8DEC-70615A77D62F}.Retail|Mixed Platforms.Build.0 = Release|Any CPU
		{E0CE2949-1667-4C21-8DEC-70615A77D62F}.Retail|x86.ActiveCfg = Release|Any CPU
		{363851FE-E3D1-495D-9171-C022116C89D4}.Debug|Any CPU.ActiveCfg = Debug|Any CPU
		{363851FE-E3D1-495D-9171-C022116C89D4}.Debug|Any CPU.Build.0 = Debug|Any CPU
		{363851FE-E3D1-495D-9171-C022116C89D4}.Debug|Mixed Platforms.ActiveCfg = Debug|Any CPU
		{363851FE-E3D1-495D-9171-C022116C89D4}.Debug|Mixed Platforms.Build.0 = Debug|Any CPU
		{363851FE-E3D1-495D-9171-C022116C89D4}.Debug|x86.ActiveCfg = Debug|Any CPU
		{363851FE-E3D1-495D-9171-C022116C89D4}.Release|Any CPU.ActiveCfg = Release|Any CPU
		{363851FE-E3D1-495D-9171-C022116C89D4}.Release|Any CPU.Build.0 = Release|Any CPU
		{363851FE-E3D1-495D-9171-C022116C89D4}.Release|Mixed Platforms.ActiveCfg = Release|Any CPU
		{363851FE-E3D1-495D-9171-C022116C89D4}.Release|Mixed Platforms.Build.0 = Release|Any CPU
		{363851FE-E3D1-495D-9171-C022116C89D4}.Release|x86.ActiveCfg = Release|Any CPU
		{363851FE-E3D1-495D-9171-C022116C89D4}.Retail|Any CPU.ActiveCfg = Release|Any CPU
		{363851FE-E3D1-495D-9171-C022116C89D4}.Retail|Any CPU.Build.0 = Release|Any CPU
		{363851FE-E3D1-495D-9171-C022116C89D4}.Retail|Mixed Platforms.ActiveCfg = Release|Any CPU
		{363851FE-E3D1-495D-9171-C022116C89D4}.Retail|Mixed Platforms.Build.0 = Release|Any CPU
		{363851FE-E3D1-495D-9171-C022116C89D4}.Retail|x86.ActiveCfg = Release|Any CPU
		{636577E9-7FEB-4CA8-9C05-59357C05FCE1}.Debug|Any CPU.ActiveCfg = Debug|Any CPU
		{636577E9-7FEB-4CA8-9C05-59357C05FCE1}.Debug|Any CPU.Build.0 = Debug|Any CPU
		{636577E9-7FEB-4CA8-9C05-59357C05FCE1}.Debug|Mixed Platforms.ActiveCfg = Debug|Any CPU
		{636577E9-7FEB-4CA8-9C05-59357C05FCE1}.Debug|Mixed Platforms.Build.0 = Debug|Any CPU
		{636577E9-7FEB-4CA8-9C05-59357C05FCE1}.Debug|x86.ActiveCfg = Debug|Any CPU
		{636577E9-7FEB-4CA8-9C05-59357C05FCE1}.Release|Any CPU.ActiveCfg = Release|Any CPU
		{636577E9-7FEB-4CA8-9C05-59357C05FCE1}.Release|Any CPU.Build.0 = Release|Any CPU
		{636577E9-7FEB-4CA8-9C05-59357C05FCE1}.Release|Mixed Platforms.ActiveCfg = Release|Any CPU
		{636577E9-7FEB-4CA8-9C05-59357C05FCE1}.Release|Mixed Platforms.Build.0 = Release|Any CPU
		{636577E9-7FEB-4CA8-9C05-59357C05FCE1}.Release|x86.ActiveCfg = Release|Any CPU
		{636577E9-7FEB-4CA8-9C05-59357C05FCE1}.Retail|Any CPU.ActiveCfg = Release|Any CPU
		{636577E9-7FEB-4CA8-9C05-59357C05FCE1}.Retail|Any CPU.Build.0 = Release|Any CPU
		{636577E9-7FEB-4CA8-9C05-59357C05FCE1}.Retail|Mixed Platforms.ActiveCfg = Release|Any CPU
		{636577E9-7FEB-4CA8-9C05-59357C05FCE1}.Retail|Mixed Platforms.Build.0 = Release|Any CPU
		{636577E9-7FEB-4CA8-9C05-59357C05FCE1}.Retail|x86.ActiveCfg = Release|Any CPU
		{342B987C-E0A4-4129-958D-8E08084E8A06}.Debug|Any CPU.ActiveCfg = Debug|Any CPU
		{342B987C-E0A4-4129-958D-8E08084E8A06}.Debug|Any CPU.Build.0 = Debug|Any CPU
		{342B987C-E0A4-4129-958D-8E08084E8A06}.Debug|Mixed Platforms.ActiveCfg = Debug|Any CPU
		{342B987C-E0A4-4129-958D-8E08084E8A06}.Debug|Mixed Platforms.Build.0 = Debug|Any CPU
		{342B987C-E0A4-4129-958D-8E08084E8A06}.Debug|x86.ActiveCfg = Debug|Any CPU
		{342B987C-E0A4-4129-958D-8E08084E8A06}.Release|Any CPU.ActiveCfg = Release|Any CPU
		{342B987C-E0A4-4129-958D-8E08084E8A06}.Release|Any CPU.Build.0 = Release|Any CPU
		{342B987C-E0A4-4129-958D-8E08084E8A06}.Release|Mixed Platforms.ActiveCfg = Release|Any CPU
		{342B987C-E0A4-4129-958D-8E08084E8A06}.Release|Mixed Platforms.Build.0 = Release|Any CPU
		{342B987C-E0A4-4129-958D-8E08084E8A06}.Release|x86.ActiveCfg = Release|Any CPU
		{342B987C-E0A4-4129-958D-8E08084E8A06}.Retail|Any CPU.ActiveCfg = Release|Any CPU
		{342B987C-E0A4-4129-958D-8E08084E8A06}.Retail|Any CPU.Build.0 = Release|Any CPU
		{342B987C-E0A4-4129-958D-8E08084E8A06}.Retail|Mixed Platforms.ActiveCfg = Release|Any CPU
		{342B987C-E0A4-4129-958D-8E08084E8A06}.Retail|Mixed Platforms.Build.0 = Release|Any CPU
		{342B987C-E0A4-4129-958D-8E08084E8A06}.Retail|x86.ActiveCfg = Release|Any CPU
		{F2F97121-B7E0-4435-8F38-47EB9B5C8E36}.Debug|Any CPU.ActiveCfg = Debug|Any CPU
		{F2F97121-B7E0-4435-8F38-47EB9B5C8E36}.Debug|Any CPU.Build.0 = Debug|Any CPU
		{F2F97121-B7E0-4435-8F38-47EB9B5C8E36}.Debug|Mixed Platforms.ActiveCfg = Debug|Any CPU
		{F2F97121-B7E0-4435-8F38-47EB9B5C8E36}.Debug|Mixed Platforms.Build.0 = Debug|Any CPU
		{F2F97121-B7E0-4435-8F38-47EB9B5C8E36}.Debug|x86.ActiveCfg = Debug|Any CPU
		{F2F97121-B7E0-4435-8F38-47EB9B5C8E36}.Release|Any CPU.ActiveCfg = Release|Any CPU
		{F2F97121-B7E0-4435-8F38-47EB9B5C8E36}.Release|Any CPU.Build.0 = Release|Any CPU
		{F2F97121-B7E0-4435-8F38-47EB9B5C8E36}.Release|Mixed Platforms.ActiveCfg = Release|Any CPU
		{F2F97121-B7E0-4435-8F38-47EB9B5C8E36}.Release|Mixed Platforms.Build.0 = Release|Any CPU
		{F2F97121-B7E0-4435-8F38-47EB9B5C8E36}.Release|x86.ActiveCfg = Release|Any CPU
		{F2F97121-B7E0-4435-8F38-47EB9B5C8E36}.Retail|Any CPU.ActiveCfg = Release|Any CPU
		{F2F97121-B7E0-4435-8F38-47EB9B5C8E36}.Retail|Any CPU.Build.0 = Release|Any CPU
		{F2F97121-B7E0-4435-8F38-47EB9B5C8E36}.Retail|Mixed Platforms.ActiveCfg = Release|Any CPU
		{F2F97121-B7E0-4435-8F38-47EB9B5C8E36}.Retail|Mixed Platforms.Build.0 = Release|Any CPU
		{F2F97121-B7E0-4435-8F38-47EB9B5C8E36}.Retail|x86.ActiveCfg = Release|Any CPU
		{90DBE31C-948D-47AF-8C17-0056511A7313}.Debug|Any CPU.ActiveCfg = Debug|Any CPU
		{90DBE31C-948D-47AF-8C17-0056511A7313}.Debug|Any CPU.Build.0 = Debug|Any CPU
		{90DBE31C-948D-47AF-8C17-0056511A7313}.Debug|Mixed Platforms.ActiveCfg = Debug|Any CPU
		{90DBE31C-948D-47AF-8C17-0056511A7313}.Debug|Mixed Platforms.Build.0 = Debug|Any CPU
		{90DBE31C-948D-47AF-8C17-0056511A7313}.Debug|x86.ActiveCfg = Debug|Any CPU
		{90DBE31C-948D-47AF-8C17-0056511A7313}.Release|Any CPU.ActiveCfg = Release|Any CPU
		{90DBE31C-948D-47AF-8C17-0056511A7313}.Release|Any CPU.Build.0 = Release|Any CPU
		{90DBE31C-948D-47AF-8C17-0056511A7313}.Release|Mixed Platforms.ActiveCfg = Release|Any CPU
		{90DBE31C-948D-47AF-8C17-0056511A7313}.Release|Mixed Platforms.Build.0 = Release|Any CPU
		{90DBE31C-948D-47AF-8C17-0056511A7313}.Release|x86.ActiveCfg = Release|Any CPU
		{90DBE31C-948D-47AF-8C17-0056511A7313}.Retail|Any CPU.ActiveCfg = Release|Any CPU
		{90DBE31C-948D-47AF-8C17-0056511A7313}.Retail|Any CPU.Build.0 = Release|Any CPU
		{90DBE31C-948D-47AF-8C17-0056511A7313}.Retail|Mixed Platforms.ActiveCfg = Release|Any CPU
		{90DBE31C-948D-47AF-8C17-0056511A7313}.Retail|Mixed Platforms.Build.0 = Release|Any CPU
		{90DBE31C-948D-47AF-8C17-0056511A7313}.Retail|x86.ActiveCfg = Release|Any CPU
		{8FFDBE50-4E00-4940-BC8F-7AF85278B247}.Debug|Any CPU.ActiveCfg = Debug|Any CPU
		{8FFDBE50-4E00-4940-BC8F-7AF85278B247}.Debug|Any CPU.Build.0 = Debug|Any CPU
		{8FFDBE50-4E00-4940-BC8F-7AF85278B247}.Debug|Mixed Platforms.ActiveCfg = Debug|Any CPU
		{8FFDBE50-4E00-4940-BC8F-7AF85278B247}.Debug|Mixed Platforms.Build.0 = Debug|Any CPU
		{8FFDBE50-4E00-4940-BC8F-7AF85278B247}.Debug|x86.ActiveCfg = Debug|Any CPU
		{8FFDBE50-4E00-4940-BC8F-7AF85278B247}.Release|Any CPU.ActiveCfg = Release|Any CPU
		{8FFDBE50-4E00-4940-BC8F-7AF85278B247}.Release|Any CPU.Build.0 = Release|Any CPU
		{8FFDBE50-4E00-4940-BC8F-7AF85278B247}.Release|Mixed Platforms.ActiveCfg = Release|Any CPU
		{8FFDBE50-4E00-4940-BC8F-7AF85278B247}.Release|Mixed Platforms.Build.0 = Release|Any CPU
		{8FFDBE50-4E00-4940-BC8F-7AF85278B247}.Release|x86.ActiveCfg = Release|Any CPU
		{8FFDBE50-4E00-4940-BC8F-7AF85278B247}.Retail|Any CPU.ActiveCfg = Release|Any CPU
		{8FFDBE50-4E00-4940-BC8F-7AF85278B247}.Retail|Any CPU.Build.0 = Release|Any CPU
		{8FFDBE50-4E00-4940-BC8F-7AF85278B247}.Retail|Mixed Platforms.ActiveCfg = Release|Any CPU
		{8FFDBE50-4E00-4940-BC8F-7AF85278B247}.Retail|Mixed Platforms.Build.0 = Release|Any CPU
		{8FFDBE50-4E00-4940-BC8F-7AF85278B247}.Retail|x86.ActiveCfg = Release|Any CPU
		{022C7B24-4417-493F-9F70-E3F4035FBEDA}.Debug|Any CPU.ActiveCfg = Debug|Any CPU
		{022C7B24-4417-493F-9F70-E3F4035FBEDA}.Debug|Any CPU.Build.0 = Debug|Any CPU
		{022C7B24-4417-493F-9F70-E3F4035FBEDA}.Debug|Mixed Platforms.ActiveCfg = Debug|Any CPU
		{022C7B24-4417-493F-9F70-E3F4035FBEDA}.Debug|Mixed Platforms.Build.0 = Debug|Any CPU
		{022C7B24-4417-493F-9F70-E3F4035FBEDA}.Debug|x86.ActiveCfg = Debug|Any CPU
		{022C7B24-4417-493F-9F70-E3F4035FBEDA}.Release|Any CPU.ActiveCfg = Release|Any CPU
		{022C7B24-4417-493F-9F70-E3F4035FBEDA}.Release|Any CPU.Build.0 = Release|Any CPU
		{022C7B24-4417-493F-9F70-E3F4035FBEDA}.Release|Mixed Platforms.ActiveCfg = Release|Any CPU
		{022C7B24-4417-493F-9F70-E3F4035FBEDA}.Release|Mixed Platforms.Build.0 = Release|Any CPU
		{022C7B24-4417-493F-9F70-E3F4035FBEDA}.Release|x86.ActiveCfg = Release|Any CPU
		{022C7B24-4417-493F-9F70-E3F4035FBEDA}.Retail|Any CPU.ActiveCfg = Release|Any CPU
		{022C7B24-4417-493F-9F70-E3F4035FBEDA}.Retail|Any CPU.Build.0 = Release|Any CPU
		{022C7B24-4417-493F-9F70-E3F4035FBEDA}.Retail|Mixed Platforms.ActiveCfg = Release|Any CPU
		{022C7B24-4417-493F-9F70-E3F4035FBEDA}.Retail|Mixed Platforms.Build.0 = Release|Any CPU
		{022C7B24-4417-493F-9F70-E3F4035FBEDA}.Retail|x86.ActiveCfg = Release|Any CPU
		{1F18D6EB-4D9C-407A-BD70-C5D525E377B6}.Debug|Any CPU.ActiveCfg = Debug|Any CPU
		{1F18D6EB-4D9C-407A-BD70-C5D525E377B6}.Debug|Any CPU.Build.0 = Debug|Any CPU
		{1F18D6EB-4D9C-407A-BD70-C5D525E377B6}.Debug|Mixed Platforms.ActiveCfg = Debug|Any CPU
		{1F18D6EB-4D9C-407A-BD70-C5D525E377B6}.Debug|Mixed Platforms.Build.0 = Debug|Any CPU
		{1F18D6EB-4D9C-407A-BD70-C5D525E377B6}.Debug|x86.ActiveCfg = Debug|Any CPU
		{1F18D6EB-4D9C-407A-BD70-C5D525E377B6}.Release|Any CPU.ActiveCfg = Release|Any CPU
		{1F18D6EB-4D9C-407A-BD70-C5D525E377B6}.Release|Any CPU.Build.0 = Release|Any CPU
		{1F18D6EB-4D9C-407A-BD70-C5D525E377B6}.Release|Mixed Platforms.ActiveCfg = Release|Any CPU
		{1F18D6EB-4D9C-407A-BD70-C5D525E377B6}.Release|Mixed Platforms.Build.0 = Release|Any CPU
		{1F18D6EB-4D9C-407A-BD70-C5D525E377B6}.Release|x86.ActiveCfg = Release|Any CPU
		{1F18D6EB-4D9C-407A-BD70-C5D525E377B6}.Retail|Any CPU.ActiveCfg = Release|Any CPU
		{1F18D6EB-4D9C-407A-BD70-C5D525E377B6}.Retail|Any CPU.Build.0 = Release|Any CPU
		{1F18D6EB-4D9C-407A-BD70-C5D525E377B6}.Retail|Mixed Platforms.ActiveCfg = Release|Any CPU
		{1F18D6EB-4D9C-407A-BD70-C5D525E377B6}.Retail|Mixed Platforms.Build.0 = Release|Any CPU
		{1F18D6EB-4D9C-407A-BD70-C5D525E377B6}.Retail|x86.ActiveCfg = Release|Any CPU
		{290ECAD5-5086-4020-B137-C6AFA7C50874}.Debug|Any CPU.ActiveCfg = Debug|Any CPU
		{290ECAD5-5086-4020-B137-C6AFA7C50874}.Debug|Any CPU.Build.0 = Debug|Any CPU
		{290ECAD5-5086-4020-B137-C6AFA7C50874}.Debug|Mixed Platforms.ActiveCfg = Debug|Any CPU
		{290ECAD5-5086-4020-B137-C6AFA7C50874}.Debug|Mixed Platforms.Build.0 = Debug|Any CPU
		{290ECAD5-5086-4020-B137-C6AFA7C50874}.Debug|x86.ActiveCfg = Debug|Any CPU
		{290ECAD5-5086-4020-B137-C6AFA7C50874}.Release|Any CPU.ActiveCfg = Release|Any CPU
		{290ECAD5-5086-4020-B137-C6AFA7C50874}.Release|Any CPU.Build.0 = Release|Any CPU
		{290ECAD5-5086-4020-B137-C6AFA7C50874}.Release|Mixed Platforms.ActiveCfg = Release|Any CPU
		{290ECAD5-5086-4020-B137-C6AFA7C50874}.Release|Mixed Platforms.Build.0 = Release|Any CPU
		{290ECAD5-5086-4020-B137-C6AFA7C50874}.Release|x86.ActiveCfg = Release|Any CPU
		{290ECAD5-5086-4020-B137-C6AFA7C50874}.Retail|Any CPU.ActiveCfg = Release|Any CPU
		{290ECAD5-5086-4020-B137-C6AFA7C50874}.Retail|Any CPU.Build.0 = Release|Any CPU
		{290ECAD5-5086-4020-B137-C6AFA7C50874}.Retail|Mixed Platforms.ActiveCfg = Release|Any CPU
		{290ECAD5-5086-4020-B137-C6AFA7C50874}.Retail|Mixed Platforms.Build.0 = Release|Any CPU
		{290ECAD5-5086-4020-B137-C6AFA7C50874}.Retail|x86.ActiveCfg = Release|Any CPU
		{2F439925-4A3E-4476-B08E-221A41FA8F35}.Debug|Any CPU.ActiveCfg = Debug|Any CPU
		{2F439925-4A3E-4476-B08E-221A41FA8F35}.Debug|Any CPU.Build.0 = Debug|Any CPU
		{2F439925-4A3E-4476-B08E-221A41FA8F35}.Debug|Mixed Platforms.ActiveCfg = Debug|Any CPU
		{2F439925-4A3E-4476-B08E-221A41FA8F35}.Debug|Mixed Platforms.Build.0 = Debug|Any CPU
		{2F439925-4A3E-4476-B08E-221A41FA8F35}.Debug|x86.ActiveCfg = Debug|Any CPU
		{2F439925-4A3E-4476-B08E-221A41FA8F35}.Release|Any CPU.ActiveCfg = Release|Any CPU
		{2F439925-4A3E-4476-B08E-221A41FA8F35}.Release|Any CPU.Build.0 = Release|Any CPU
		{2F439925-4A3E-4476-B08E-221A41FA8F35}.Release|Mixed Platforms.ActiveCfg = Release|Any CPU
		{2F439925-4A3E-4476-B08E-221A41FA8F35}.Release|Mixed Platforms.Build.0 = Release|Any CPU
		{2F439925-4A3E-4476-B08E-221A41FA8F35}.Release|x86.ActiveCfg = Release|Any CPU
		{2F439925-4A3E-4476-B08E-221A41FA8F35}.Retail|Any CPU.ActiveCfg = Release|Any CPU
		{2F439925-4A3E-4476-B08E-221A41FA8F35}.Retail|Any CPU.Build.0 = Release|Any CPU
		{2F439925-4A3E-4476-B08E-221A41FA8F35}.Retail|Mixed Platforms.ActiveCfg = Release|Any CPU
		{2F439925-4A3E-4476-B08E-221A41FA8F35}.Retail|Mixed Platforms.Build.0 = Release|Any CPU
		{2F439925-4A3E-4476-B08E-221A41FA8F35}.Retail|x86.ActiveCfg = Release|Any CPU
		{D100D12E-9818-4578-B25E-C1EDA3477820}.Debug|Any CPU.ActiveCfg = Debug|Any CPU
		{D100D12E-9818-4578-B25E-C1EDA3477820}.Debug|Any CPU.Build.0 = Debug|Any CPU
		{D100D12E-9818-4578-B25E-C1EDA3477820}.Debug|Mixed Platforms.ActiveCfg = Debug|Any CPU
		{D100D12E-9818-4578-B25E-C1EDA3477820}.Debug|Mixed Platforms.Build.0 = Debug|Any CPU
		{D100D12E-9818-4578-B25E-C1EDA3477820}.Debug|x86.ActiveCfg = Debug|Any CPU
		{D100D12E-9818-4578-B25E-C1EDA3477820}.Release|Any CPU.ActiveCfg = Release|Any CPU
		{D100D12E-9818-4578-B25E-C1EDA3477820}.Release|Any CPU.Build.0 = Release|Any CPU
		{D100D12E-9818-4578-B25E-C1EDA3477820}.Release|Mixed Platforms.ActiveCfg = Release|Any CPU
		{D100D12E-9818-4578-B25E-C1EDA3477820}.Release|Mixed Platforms.Build.0 = Release|Any CPU
		{D100D12E-9818-4578-B25E-C1EDA3477820}.Release|x86.ActiveCfg = Release|Any CPU
		{D100D12E-9818-4578-B25E-C1EDA3477820}.Retail|Any CPU.ActiveCfg = Release|Any CPU
		{D100D12E-9818-4578-B25E-C1EDA3477820}.Retail|Any CPU.Build.0 = Release|Any CPU
		{D100D12E-9818-4578-B25E-C1EDA3477820}.Retail|Mixed Platforms.ActiveCfg = Release|Any CPU
		{D100D12E-9818-4578-B25E-C1EDA3477820}.Retail|x86.ActiveCfg = Release|Any CPU
		{BEC92347-1382-4D05-BC3E-5F9162A859C4}.Debug|Any CPU.ActiveCfg = Debug|Any CPU
		{BEC92347-1382-4D05-BC3E-5F9162A859C4}.Debug|Any CPU.Build.0 = Debug|Any CPU
		{BEC92347-1382-4D05-BC3E-5F9162A859C4}.Debug|Mixed Platforms.ActiveCfg = Debug|Any CPU
		{BEC92347-1382-4D05-BC3E-5F9162A859C4}.Debug|Mixed Platforms.Build.0 = Debug|Any CPU
		{BEC92347-1382-4D05-BC3E-5F9162A859C4}.Debug|x86.ActiveCfg = Debug|Any CPU
		{BEC92347-1382-4D05-BC3E-5F9162A859C4}.Release|Any CPU.ActiveCfg = Release|Any CPU
		{BEC92347-1382-4D05-BC3E-5F9162A859C4}.Release|Any CPU.Build.0 = Release|Any CPU
		{BEC92347-1382-4D05-BC3E-5F9162A859C4}.Release|Mixed Platforms.ActiveCfg = Release|Any CPU
		{BEC92347-1382-4D05-BC3E-5F9162A859C4}.Release|Mixed Platforms.Build.0 = Release|Any CPU
		{BEC92347-1382-4D05-BC3E-5F9162A859C4}.Release|x86.ActiveCfg = Release|Any CPU
		{BEC92347-1382-4D05-BC3E-5F9162A859C4}.Retail|Any CPU.ActiveCfg = Release|Any CPU
		{BEC92347-1382-4D05-BC3E-5F9162A859C4}.Retail|Any CPU.Build.0 = Release|Any CPU
		{BEC92347-1382-4D05-BC3E-5F9162A859C4}.Retail|Mixed Platforms.ActiveCfg = Release|Any CPU
		{BEC92347-1382-4D05-BC3E-5F9162A859C4}.Retail|x86.ActiveCfg = Release|Any CPU
		{05E7BD1E-6AB0-4D6E-91EB-B004AFA1A619}.Debug|Any CPU.ActiveCfg = Debug|Any CPU
		{05E7BD1E-6AB0-4D6E-91EB-B004AFA1A619}.Debug|Any CPU.Build.0 = Debug|Any CPU
		{05E7BD1E-6AB0-4D6E-91EB-B004AFA1A619}.Debug|Mixed Platforms.ActiveCfg = Debug|Any CPU
		{05E7BD1E-6AB0-4D6E-91EB-B004AFA1A619}.Debug|Mixed Platforms.Build.0 = Debug|Any CPU
		{05E7BD1E-6AB0-4D6E-91EB-B004AFA1A619}.Debug|x86.ActiveCfg = Debug|Any CPU
		{05E7BD1E-6AB0-4D6E-91EB-B004AFA1A619}.Release|Any CPU.ActiveCfg = Release|Any CPU
		{05E7BD1E-6AB0-4D6E-91EB-B004AFA1A619}.Release|Any CPU.Build.0 = Release|Any CPU
		{05E7BD1E-6AB0-4D6E-91EB-B004AFA1A619}.Release|Mixed Platforms.ActiveCfg = Release|Any CPU
		{05E7BD1E-6AB0-4D6E-91EB-B004AFA1A619}.Release|Mixed Platforms.Build.0 = Release|Any CPU
		{05E7BD1E-6AB0-4D6E-91EB-B004AFA1A619}.Release|x86.ActiveCfg = Release|Any CPU
		{05E7BD1E-6AB0-4D6E-91EB-B004AFA1A619}.Retail|Any CPU.ActiveCfg = Release|Any CPU
		{05E7BD1E-6AB0-4D6E-91EB-B004AFA1A619}.Retail|Any CPU.Build.0 = Release|Any CPU
		{05E7BD1E-6AB0-4D6E-91EB-B004AFA1A619}.Retail|Mixed Platforms.ActiveCfg = Release|Any CPU
		{05E7BD1E-6AB0-4D6E-91EB-B004AFA1A619}.Retail|x86.ActiveCfg = Release|Any CPU
		{AFD1AFE7-0B3E-4087-ABF8-73B7E212D320}.Debug|Any CPU.ActiveCfg = Debug|Any CPU
		{AFD1AFE7-0B3E-4087-ABF8-73B7E212D320}.Debug|Any CPU.Build.0 = Debug|Any CPU
		{AFD1AFE7-0B3E-4087-ABF8-73B7E212D320}.Debug|Mixed Platforms.ActiveCfg = Debug|Any CPU
		{AFD1AFE7-0B3E-4087-ABF8-73B7E212D320}.Debug|Mixed Platforms.Build.0 = Debug|Any CPU
		{AFD1AFE7-0B3E-4087-ABF8-73B7E212D320}.Debug|x86.ActiveCfg = Debug|Any CPU
		{AFD1AFE7-0B3E-4087-ABF8-73B7E212D320}.Release|Any CPU.ActiveCfg = Release|Any CPU
		{AFD1AFE7-0B3E-4087-ABF8-73B7E212D320}.Release|Any CPU.Build.0 = Release|Any CPU
		{AFD1AFE7-0B3E-4087-ABF8-73B7E212D320}.Release|Mixed Platforms.ActiveCfg = Release|Any CPU
		{AFD1AFE7-0B3E-4087-ABF8-73B7E212D320}.Release|Mixed Platforms.Build.0 = Release|Any CPU
		{AFD1AFE7-0B3E-4087-ABF8-73B7E212D320}.Release|x86.ActiveCfg = Release|Any CPU
		{AFD1AFE7-0B3E-4087-ABF8-73B7E212D320}.Retail|Any CPU.ActiveCfg = Release|Any CPU
		{AFD1AFE7-0B3E-4087-ABF8-73B7E212D320}.Retail|Any CPU.Build.0 = Release|Any CPU
		{AFD1AFE7-0B3E-4087-ABF8-73B7E212D320}.Retail|Mixed Platforms.ActiveCfg = Release|Any CPU
		{AFD1AFE7-0B3E-4087-ABF8-73B7E212D320}.Retail|x86.ActiveCfg = Release|Any CPU
		{F274E0DD-F9B1-41FE-A3F6-89EE74FE3F56}.Debug|Any CPU.ActiveCfg = Debug|Any CPU
		{F274E0DD-F9B1-41FE-A3F6-89EE74FE3F56}.Debug|Any CPU.Build.0 = Debug|Any CPU
		{F274E0DD-F9B1-41FE-A3F6-89EE74FE3F56}.Debug|Mixed Platforms.ActiveCfg = Debug|Any CPU
		{F274E0DD-F9B1-41FE-A3F6-89EE74FE3F56}.Debug|Mixed Platforms.Build.0 = Debug|Any CPU
		{F274E0DD-F9B1-41FE-A3F6-89EE74FE3F56}.Debug|x86.ActiveCfg = Debug|Any CPU
		{F274E0DD-F9B1-41FE-A3F6-89EE74FE3F56}.Release|Any CPU.ActiveCfg = Release|Any CPU
		{F274E0DD-F9B1-41FE-A3F6-89EE74FE3F56}.Release|Any CPU.Build.0 = Release|Any CPU
		{F274E0DD-F9B1-41FE-A3F6-89EE74FE3F56}.Release|Mixed Platforms.ActiveCfg = Release|Any CPU
		{F274E0DD-F9B1-41FE-A3F6-89EE74FE3F56}.Release|Mixed Platforms.Build.0 = Release|Any CPU
		{F274E0DD-F9B1-41FE-A3F6-89EE74FE3F56}.Release|x86.ActiveCfg = Release|Any CPU
		{F274E0DD-F9B1-41FE-A3F6-89EE74FE3F56}.Retail|Any CPU.ActiveCfg = Release|Any CPU
		{F274E0DD-F9B1-41FE-A3F6-89EE74FE3F56}.Retail|Any CPU.Build.0 = Release|Any CPU
		{F274E0DD-F9B1-41FE-A3F6-89EE74FE3F56}.Retail|Mixed Platforms.ActiveCfg = Release|Any CPU
		{F274E0DD-F9B1-41FE-A3F6-89EE74FE3F56}.Retail|Mixed Platforms.Build.0 = Release|Any CPU
		{F274E0DD-F9B1-41FE-A3F6-89EE74FE3F56}.Retail|x86.ActiveCfg = Release|Any CPU
		{90CB4AF5-491C-45DB-8F46-16D95B6A9F7F}.Debug|Any CPU.ActiveCfg = Debug|Any CPU
		{90CB4AF5-491C-45DB-8F46-16D95B6A9F7F}.Debug|Any CPU.Build.0 = Debug|Any CPU
		{90CB4AF5-491C-45DB-8F46-16D95B6A9F7F}.Debug|Mixed Platforms.ActiveCfg = Debug|Any CPU
		{90CB4AF5-491C-45DB-8F46-16D95B6A9F7F}.Debug|Mixed Platforms.Build.0 = Debug|Any CPU
		{90CB4AF5-491C-45DB-8F46-16D95B6A9F7F}.Debug|x86.ActiveCfg = Debug|Any CPU
		{90CB4AF5-491C-45DB-8F46-16D95B6A9F7F}.Release|Any CPU.ActiveCfg = Release|Any CPU
		{90CB4AF5-491C-45DB-8F46-16D95B6A9F7F}.Release|Any CPU.Build.0 = Release|Any CPU
		{90CB4AF5-491C-45DB-8F46-16D95B6A9F7F}.Release|Mixed Platforms.ActiveCfg = Release|Any CPU
		{90CB4AF5-491C-45DB-8F46-16D95B6A9F7F}.Release|Mixed Platforms.Build.0 = Release|Any CPU
		{90CB4AF5-491C-45DB-8F46-16D95B6A9F7F}.Release|x86.ActiveCfg = Release|Any CPU
		{90CB4AF5-491C-45DB-8F46-16D95B6A9F7F}.Retail|Any CPU.ActiveCfg = Release|Any CPU
		{90CB4AF5-491C-45DB-8F46-16D95B6A9F7F}.Retail|Any CPU.Build.0 = Release|Any CPU
		{90CB4AF5-491C-45DB-8F46-16D95B6A9F7F}.Retail|Mixed Platforms.ActiveCfg = Release|Any CPU
		{90CB4AF5-491C-45DB-8F46-16D95B6A9F7F}.Retail|Mixed Platforms.Build.0 = Release|Any CPU
		{90CB4AF5-491C-45DB-8F46-16D95B6A9F7F}.Retail|x86.ActiveCfg = Release|Any CPU
	EndGlobalSection
	GlobalSection(SolutionProperties) = preSolution
		HideSolutionNode = FALSE
	EndGlobalSection
EndGlobal
