
Microsoft Visual Studio Solution File, Format Version 12.00
# Visual Studio 15
VisualStudioVersion = 15.0.27428.2037
MinimumVisualStudioVersion = 10.0.40219.1
Project("{9A19103F-16F7-4668-BE54-9A1E7A4F7556}") = "FubuMVC.Core", "FubuMVC.Core\FubuMVC.Core.csproj", "{013BF836-1F2C-49E0-8B34-D86D1DBD89E6}"
EndProject
Project("{9A19103F-16F7-4668-BE54-9A1E7A4F7556}") = "FubuMVC.Tests", "FubuMVC.Tests\FubuMVC.Tests.csproj", "{66FBAF68-506A-4E97-9026-9FCA5F8DC182}"
EndProject
Project("{9A19103F-16F7-4668-BE54-9A1E7A4F7556}") = "TestMessages", "TestMessages\TestMessages.csproj", "{285D4931-D446-44FE-ABF1-A087BBD7D10B}"
EndProject
Project("{9A19103F-16F7-4668-BE54-9A1E7A4F7556}") = "TestPackage1", "TestPackage1\TestPackage1.csproj", "{B56E7A63-5B77-47BA-8C64-802B63205E4A}"
EndProject
Project("{9A19103F-16F7-4668-BE54-9A1E7A4F7556}") = "SampleService", "SampleService\SampleService.csproj", "{D49B7753-7A37-4AA6-9A21-423B75697635}"
EndProject
Project("{9A19103F-16F7-4668-BE54-9A1E7A4F7556}") = "AssemblyPackage", "AssemblyPackage\AssemblyPackage.csproj", "{56937718-A21D-4917-92BE-769E06BD778F}"
EndProject
Project("{9A19103F-16F7-4668-BE54-9A1E7A4F7556}") = "OwinBottle", "OwinBottle\OwinBottle.csproj", "{4E483EFC-BF28-4040-9AAF-724130097F6F}"
EndProject
Project("{9A19103F-16F7-4668-BE54-9A1E7A4F7556}") = "RemoteService", "RemoteService\RemoteService.csproj", "{6A54DFAA-38B3-43B0-B365-60BEB0193B3D}"
EndProject
Project("{9A19103F-16F7-4668-BE54-9A1E7A4F7556}") = "ServiceNode", "ServiceNode\ServiceNode.csproj", "{E89FC166-4C6C-4365-BF02-1BDC90F7BFAB}"
EndProject
Project("{9A19103F-16F7-4668-BE54-9A1E7A4F7556}") = "TestHarnessApp", "TestHarnessApp\TestHarnessApp.csproj", "{20897CDD-FD79-4F25-847A-87B5C84C12C0}"
EndProject
Project("{9A19103F-16F7-4668-BE54-9A1E7A4F7556}") = "FubuMVC.LightningQueues", "FubuMVC.LightningQueues\FubuMVC.LightningQueues.csproj", "{9F6ECD57-F8B0-4684-AEA1-B34D7FA32E5A}"
EndProject
Project("{9A19103F-16F7-4668-BE54-9A1E7A4F7556}") = "FubuMVC.LightningQueues.Testing", "FubuMVC.LightningQueues.Testing\FubuMVC.LightningQueues.Testing.csproj", "{BD70EC7D-6C38-4088-B676-C1DADE228699}"
EndProject
Project("{9A19103F-16F7-4668-BE54-9A1E7A4F7556}") = "FubuMVC.Marten", "FubuMVC.Marten\FubuMVC.Marten.csproj", "{A983E75B-BA9D-4D8E-A69B-8628D6B10D15}"
EndProject
Project("{9A19103F-16F7-4668-BE54-9A1E7A4F7556}") = "FubuMVC.Marten.Tests", "FubuMVC.Marten.Tests\FubuMVC.Marten.Tests.csproj", "{2EC1DFC7-4552-445E-A443-9D8A42BAB13A}"
EndProject
Project("{9A19103F-16F7-4668-BE54-9A1E7A4F7556}") = "Serenity", "Serenity\Serenity.csproj", "{F11A3C6D-3672-4EA0-B615-DF4FE7BE815A}"
EndProject
Project("{9A19103F-16F7-4668-BE54-9A1E7A4F7556}") = "FubuMVC.IntegrationTesting", "FubuMVC.IntegrationTesting\FubuMVC.IntegrationTesting.csproj", "{969569BB-01E5-46A5-AFB7-9F1E2B0AD72D}"
EndProject
Project("{9A19103F-16F7-4668-BE54-9A1E7A4F7556}") = "DiagnosticsHarness", "DiagnosticsHarness\DiagnosticsHarness.csproj", "{1F32C94D-30AA-4A38-9AA9-F02FADF28C9A}"
EndProject
Project("{9A19103F-16F7-4668-BE54-9A1E7A4F7556}") = "Specifications", "Specifications\Specifications.csproj", "{8619C1D2-A541-4A3E-A18C-6DF2A749F8B1}"
EndProject
Project("{FAE04EC0-301F-11D3-BF4B-00C04F79EFBC}") = "FubuMVC.RavenDb", "FubuMVC.RavenDb\FubuMVC.RavenDb.csproj", "{9384A4B5-D271-4001-80B3-51CFB1E0B54A}"
EndProject
Project("{FAE04EC0-301F-11D3-BF4B-00C04F79EFBC}") = "FubuMVC.RavenDb.Tests", "FubuMVC.RavenDb.Tests\FubuMVC.RavenDb.Tests.csproj", "{1ED3847D-5413-418A-80FC-819DA5039525}"
EndProject
Global
	GlobalSection(SolutionConfigurationPlatforms) = preSolution
		Debug|Any CPU = Debug|Any CPU
		Release|Any CPU = Release|Any CPU
	EndGlobalSection
	GlobalSection(ProjectConfigurationPlatforms) = postSolution
		{013BF836-1F2C-49E0-8B34-D86D1DBD89E6}.Debug|Any CPU.ActiveCfg = Debug|Any CPU
		{013BF836-1F2C-49E0-8B34-D86D1DBD89E6}.Debug|Any CPU.Build.0 = Debug|Any CPU
		{013BF836-1F2C-49E0-8B34-D86D1DBD89E6}.Release|Any CPU.ActiveCfg = Release|Any CPU
		{013BF836-1F2C-49E0-8B34-D86D1DBD89E6}.Release|Any CPU.Build.0 = Release|Any CPU
		{66FBAF68-506A-4E97-9026-9FCA5F8DC182}.Debug|Any CPU.ActiveCfg = Debug|Any CPU
		{66FBAF68-506A-4E97-9026-9FCA5F8DC182}.Debug|Any CPU.Build.0 = Debug|Any CPU
		{66FBAF68-506A-4E97-9026-9FCA5F8DC182}.Release|Any CPU.ActiveCfg = Release|Any CPU
		{66FBAF68-506A-4E97-9026-9FCA5F8DC182}.Release|Any CPU.Build.0 = Release|Any CPU
		{285D4931-D446-44FE-ABF1-A087BBD7D10B}.Debug|Any CPU.ActiveCfg = Debug|Any CPU
		{285D4931-D446-44FE-ABF1-A087BBD7D10B}.Debug|Any CPU.Build.0 = Debug|Any CPU
		{285D4931-D446-44FE-ABF1-A087BBD7D10B}.Release|Any CPU.ActiveCfg = Release|Any CPU
		{285D4931-D446-44FE-ABF1-A087BBD7D10B}.Release|Any CPU.Build.0 = Release|Any CPU
		{B56E7A63-5B77-47BA-8C64-802B63205E4A}.Debug|Any CPU.ActiveCfg = Debug|Any CPU
		{B56E7A63-5B77-47BA-8C64-802B63205E4A}.Debug|Any CPU.Build.0 = Debug|Any CPU
		{B56E7A63-5B77-47BA-8C64-802B63205E4A}.Release|Any CPU.ActiveCfg = Release|Any CPU
		{B56E7A63-5B77-47BA-8C64-802B63205E4A}.Release|Any CPU.Build.0 = Release|Any CPU
		{D49B7753-7A37-4AA6-9A21-423B75697635}.Debug|Any CPU.ActiveCfg = Debug|Any CPU
		{D49B7753-7A37-4AA6-9A21-423B75697635}.Debug|Any CPU.Build.0 = Debug|Any CPU
		{D49B7753-7A37-4AA6-9A21-423B75697635}.Release|Any CPU.ActiveCfg = Release|Any CPU
		{D49B7753-7A37-4AA6-9A21-423B75697635}.Release|Any CPU.Build.0 = Release|Any CPU
		{56937718-A21D-4917-92BE-769E06BD778F}.Debug|Any CPU.ActiveCfg = Debug|Any CPU
		{56937718-A21D-4917-92BE-769E06BD778F}.Debug|Any CPU.Build.0 = Debug|Any CPU
		{56937718-A21D-4917-92BE-769E06BD778F}.Release|Any CPU.ActiveCfg = Release|Any CPU
		{56937718-A21D-4917-92BE-769E06BD778F}.Release|Any CPU.Build.0 = Release|Any CPU
		{4E483EFC-BF28-4040-9AAF-724130097F6F}.Debug|Any CPU.ActiveCfg = Debug|Any CPU
		{4E483EFC-BF28-4040-9AAF-724130097F6F}.Debug|Any CPU.Build.0 = Debug|Any CPU
		{4E483EFC-BF28-4040-9AAF-724130097F6F}.Release|Any CPU.ActiveCfg = Release|Any CPU
		{4E483EFC-BF28-4040-9AAF-724130097F6F}.Release|Any CPU.Build.0 = Release|Any CPU
		{6A54DFAA-38B3-43B0-B365-60BEB0193B3D}.Debug|Any CPU.ActiveCfg = Debug|Any CPU
		{6A54DFAA-38B3-43B0-B365-60BEB0193B3D}.Debug|Any CPU.Build.0 = Debug|Any CPU
		{6A54DFAA-38B3-43B0-B365-60BEB0193B3D}.Release|Any CPU.ActiveCfg = Release|Any CPU
		{6A54DFAA-38B3-43B0-B365-60BEB0193B3D}.Release|Any CPU.Build.0 = Release|Any CPU
		{E89FC166-4C6C-4365-BF02-1BDC90F7BFAB}.Debug|Any CPU.ActiveCfg = Debug|Any CPU
		{E89FC166-4C6C-4365-BF02-1BDC90F7BFAB}.Debug|Any CPU.Build.0 = Debug|Any CPU
		{E89FC166-4C6C-4365-BF02-1BDC90F7BFAB}.Release|Any CPU.ActiveCfg = Release|Any CPU
		{E89FC166-4C6C-4365-BF02-1BDC90F7BFAB}.Release|Any CPU.Build.0 = Release|Any CPU
		{20897CDD-FD79-4F25-847A-87B5C84C12C0}.Debug|Any CPU.ActiveCfg = Debug|Any CPU
		{20897CDD-FD79-4F25-847A-87B5C84C12C0}.Debug|Any CPU.Build.0 = Debug|Any CPU
		{20897CDD-FD79-4F25-847A-87B5C84C12C0}.Release|Any CPU.ActiveCfg = Release|Any CPU
		{20897CDD-FD79-4F25-847A-87B5C84C12C0}.Release|Any CPU.Build.0 = Release|Any CPU
		{9F6ECD57-F8B0-4684-AEA1-B34D7FA32E5A}.Debug|Any CPU.ActiveCfg = Debug|Any CPU
		{9F6ECD57-F8B0-4684-AEA1-B34D7FA32E5A}.Debug|Any CPU.Build.0 = Debug|Any CPU
		{9F6ECD57-F8B0-4684-AEA1-B34D7FA32E5A}.Release|Any CPU.ActiveCfg = Release|Any CPU
		{9F6ECD57-F8B0-4684-AEA1-B34D7FA32E5A}.Release|Any CPU.Build.0 = Release|Any CPU
		{BD70EC7D-6C38-4088-B676-C1DADE228699}.Debug|Any CPU.ActiveCfg = Debug|Any CPU
		{BD70EC7D-6C38-4088-B676-C1DADE228699}.Debug|Any CPU.Build.0 = Debug|Any CPU
		{BD70EC7D-6C38-4088-B676-C1DADE228699}.Release|Any CPU.ActiveCfg = Release|Any CPU
		{BD70EC7D-6C38-4088-B676-C1DADE228699}.Release|Any CPU.Build.0 = Release|Any CPU
		{A983E75B-BA9D-4D8E-A69B-8628D6B10D15}.Debug|Any CPU.ActiveCfg = Debug|Any CPU
		{A983E75B-BA9D-4D8E-A69B-8628D6B10D15}.Debug|Any CPU.Build.0 = Debug|Any CPU
		{A983E75B-BA9D-4D8E-A69B-8628D6B10D15}.Release|Any CPU.ActiveCfg = Release|Any CPU
		{A983E75B-BA9D-4D8E-A69B-8628D6B10D15}.Release|Any CPU.Build.0 = Release|Any CPU
		{2EC1DFC7-4552-445E-A443-9D8A42BAB13A}.Debug|Any CPU.ActiveCfg = Debug|Any CPU
		{2EC1DFC7-4552-445E-A443-9D8A42BAB13A}.Debug|Any CPU.Build.0 = Debug|Any CPU
		{2EC1DFC7-4552-445E-A443-9D8A42BAB13A}.Release|Any CPU.ActiveCfg = Release|Any CPU
		{2EC1DFC7-4552-445E-A443-9D8A42BAB13A}.Release|Any CPU.Build.0 = Release|Any CPU
		{F11A3C6D-3672-4EA0-B615-DF4FE7BE815A}.Debug|Any CPU.ActiveCfg = Debug|Any CPU
		{F11A3C6D-3672-4EA0-B615-DF4FE7BE815A}.Debug|Any CPU.Build.0 = Debug|Any CPU
		{F11A3C6D-3672-4EA0-B615-DF4FE7BE815A}.Release|Any CPU.ActiveCfg = Release|Any CPU
		{F11A3C6D-3672-4EA0-B615-DF4FE7BE815A}.Release|Any CPU.Build.0 = Release|Any CPU
		{969569BB-01E5-46A5-AFB7-9F1E2B0AD72D}.Debug|Any CPU.ActiveCfg = Debug|Any CPU
		{969569BB-01E5-46A5-AFB7-9F1E2B0AD72D}.Debug|Any CPU.Build.0 = Debug|Any CPU
		{969569BB-01E5-46A5-AFB7-9F1E2B0AD72D}.Release|Any CPU.ActiveCfg = Release|Any CPU
		{969569BB-01E5-46A5-AFB7-9F1E2B0AD72D}.Release|Any CPU.Build.0 = Release|Any CPU
		{1F32C94D-30AA-4A38-9AA9-F02FADF28C9A}.Debug|Any CPU.ActiveCfg = Debug|Any CPU
		{1F32C94D-30AA-4A38-9AA9-F02FADF28C9A}.Debug|Any CPU.Build.0 = Debug|Any CPU
		{1F32C94D-30AA-4A38-9AA9-F02FADF28C9A}.Release|Any CPU.ActiveCfg = Release|Any CPU
		{1F32C94D-30AA-4A38-9AA9-F02FADF28C9A}.Release|Any CPU.Build.0 = Release|Any CPU
		{8619C1D2-A541-4A3E-A18C-6DF2A749F8B1}.Debug|Any CPU.ActiveCfg = Debug|Any CPU
		{8619C1D2-A541-4A3E-A18C-6DF2A749F8B1}.Debug|Any CPU.Build.0 = Debug|Any CPU
		{8619C1D2-A541-4A3E-A18C-6DF2A749F8B1}.Release|Any CPU.ActiveCfg = Release|Any CPU
		{8619C1D2-A541-4A3E-A18C-6DF2A749F8B1}.Release|Any CPU.Build.0 = Release|Any CPU
		{9384A4B5-D271-4001-80B3-51CFB1E0B54A}.Debug|Any CPU.ActiveCfg = Debug|Any CPU
		{9384A4B5-D271-4001-80B3-51CFB1E0B54A}.Debug|Any CPU.Build.0 = Debug|Any CPU
		{9384A4B5-D271-4001-80B3-51CFB1E0B54A}.Release|Any CPU.ActiveCfg = Release|Any CPU
		{9384A4B5-D271-4001-80B3-51CFB1E0B54A}.Release|Any CPU.Build.0 = Release|Any CPU
		{1ED3847D-5413-418A-80FC-819DA5039525}.Debug|Any CPU.ActiveCfg = Debug|Any CPU
		{1ED3847D-5413-418A-80FC-819DA5039525}.Debug|Any CPU.Build.0 = Debug|Any CPU
		{1ED3847D-5413-418A-80FC-819DA5039525}.Release|Any CPU.ActiveCfg = Release|Any CPU
		{1ED3847D-5413-418A-80FC-819DA5039525}.Release|Any CPU.Build.0 = Release|Any CPU
	EndGlobalSection
	GlobalSection(SolutionProperties) = preSolution
		HideSolutionNode = FALSE
	EndGlobalSection
	GlobalSection(ExtensibilityGlobals) = postSolution
		SolutionGuid = {03449DAD-8FF2-4E6F-A997-AA2680C4E6C9}
	EndGlobalSection
EndGlobal
