
Microsoft Visual Studio Solution File, Format Version 11.00
# Visual Studio 2010
Project("{FAE04EC0-301F-11D3-BF4B-00C04F79EFBC}") = "FubuMVC.Core", "FubuMVC.Core\FubuMVC.Core.csproj", "{E18FD922-0E7A-49CD-B89F-473826077B9D}"
EndProject
Project("{FAE04EC0-301F-11D3-BF4B-00C04F79EFBC}") = "FubuMVC.Tests", "FubuMVC.Tests\FubuMVC.Tests.csproj", "{FEB91F9F-ECE2-480C-B39C-A44BBF1F7B01}"
EndProject
Project("{2150E333-8FDC-42A3-9474-1A3956D46DE8}") = "__Build_Utilities", "__Build_Utilities", "{7AC4D197-535A-4686-8E21-18257B2ADB3A}"
	ProjectSection(SolutionItems) = preProject
		..\Build.bat = ..\Build.bat
		..\InstallGems.bat = ..\InstallGems.bat
		..\rakefile.rb = ..\rakefile.rb
	EndProjectSection
EndProject
Project("{FAE04EC0-301F-11D3-BF4B-00C04F79EFBC}") = "FubuMVC.StructureMap", "FubuMVC.StructureMap\FubuMVC.StructureMap.csproj", "{ABFEA520-820C-4B77-9015-6A09E24252FA}"
EndProject
Project("{FAE04EC0-301F-11D3-BF4B-00C04F79EFBC}") = "FubuMVC.FakeControllers", "FubuMVC.FakeControllers\FubuMVC.FakeControllers.csproj", "{E8128BAA-BAF7-4164-9786-B9B23E555B96}"
EndProject
Project("{FAE04EC0-301F-11D3-BF4B-00C04F79EFBC}") = "HtmlTags", "HtmlTags\HtmlTags.csproj", "{F01C84F2-6E41-404C-AC8D-BF189A9EC05B}"
EndProject
Project("{FAE04EC0-301F-11D3-BF4B-00C04F79EFBC}") = "HtmlTags.Testing", "HtmlTags.Testing\HtmlTags.Testing.csproj", "{559D9267-35CA-49DE-8928-E0AE222CF04A}"
EndProject
Project("{FAE04EC0-301F-11D3-BF4B-00C04F79EFBC}") = "FubuMVC.HelloWorld", "FubuMVC.HelloWorld\FubuMVC.HelloWorld.csproj", "{9AAE2096-6F09-46E4-8BD2-D5A7E8E26047}"
EndProject
Project("{FAE04EC0-301F-11D3-BF4B-00C04F79EFBC}") = "FubuCore", "FubuCore\FubuCore.csproj", "{342B987C-E0A4-4129-958D-8E08084E8A06}"
EndProject
Project("{FAE04EC0-301F-11D3-BF4B-00C04F79EFBC}") = "FubuCore.Testing", "FubuCore.Testing\FubuCore.Testing.csproj", "{F2F97121-B7E0-4435-8F38-47EB9B5C8E36}"
EndProject
Project("{FAE04EC0-301F-11D3-BF4B-00C04F79EFBC}") = "FubuLocalization", "FubuLocalization\FubuLocalization.csproj", "{05E7BD1E-6AB0-4D6E-91EB-B004AFA1A619}"
EndProject
Project("{FAE04EC0-301F-11D3-BF4B-00C04F79EFBC}") = "FubuLocalization.Tests", "FubuLocalization.Tests\FubuLocalization.Tests.csproj", "{AFD1AFE7-0B3E-4087-ABF8-73B7E212D320}"
EndProject
Global
	GlobalSection(SolutionConfigurationPlatforms) = preSolution
		Debug|Any CPU = Debug|Any CPU
		Release|Any CPU = Release|Any CPU
		Retail|Any CPU = Retail|Any CPU
	EndGlobalSection
	GlobalSection(ProjectConfigurationPlatforms) = postSolution
		{E18FD922-0E7A-49CD-B89F-473826077B9D}.Debug|Any CPU.ActiveCfg = Debug|Any CPU
		{E18FD922-0E7A-49CD-B89F-473826077B9D}.Debug|Any CPU.Build.0 = Debug|Any CPU
		{E18FD922-0E7A-49CD-B89F-473826077B9D}.Release|Any CPU.ActiveCfg = Release|Any CPU
		{E18FD922-0E7A-49CD-B89F-473826077B9D}.Release|Any CPU.Build.0 = Release|Any CPU
		{E18FD922-0E7A-49CD-B89F-473826077B9D}.Retail|Any CPU.ActiveCfg = Release|Any CPU
		{E18FD922-0E7A-49CD-B89F-473826077B9D}.Retail|Any CPU.Build.0 = Release|Any CPU
		{FEB91F9F-ECE2-480C-B39C-A44BBF1F7B01}.Debug|Any CPU.ActiveCfg = Debug|Any CPU
		{FEB91F9F-ECE2-480C-B39C-A44BBF1F7B01}.Debug|Any CPU.Build.0 = Debug|Any CPU
		{FEB91F9F-ECE2-480C-B39C-A44BBF1F7B01}.Release|Any CPU.ActiveCfg = Release|Any CPU
		{FEB91F9F-ECE2-480C-B39C-A44BBF1F7B01}.Release|Any CPU.Build.0 = Release|Any CPU
		{FEB91F9F-ECE2-480C-B39C-A44BBF1F7B01}.Retail|Any CPU.ActiveCfg = Release|Any CPU
		{FEB91F9F-ECE2-480C-B39C-A44BBF1F7B01}.Retail|Any CPU.Build.0 = Release|Any CPU
		{ABFEA520-820C-4B77-9015-6A09E24252FA}.Debug|Any CPU.ActiveCfg = Debug|Any CPU
		{ABFEA520-820C-4B77-9015-6A09E24252FA}.Debug|Any CPU.Build.0 = Debug|Any CPU
		{ABFEA520-820C-4B77-9015-6A09E24252FA}.Release|Any CPU.ActiveCfg = Release|Any CPU
		{ABFEA520-820C-4B77-9015-6A09E24252FA}.Release|Any CPU.Build.0 = Release|Any CPU
		{ABFEA520-820C-4B77-9015-6A09E24252FA}.Retail|Any CPU.ActiveCfg = Release|Any CPU
		{ABFEA520-820C-4B77-9015-6A09E24252FA}.Retail|Any CPU.Build.0 = Release|Any CPU
		{E8128BAA-BAF7-4164-9786-B9B23E555B96}.Debug|Any CPU.ActiveCfg = Debug|Any CPU
		{E8128BAA-BAF7-4164-9786-B9B23E555B96}.Debug|Any CPU.Build.0 = Debug|Any CPU
		{E8128BAA-BAF7-4164-9786-B9B23E555B96}.Release|Any CPU.ActiveCfg = Release|Any CPU
		{E8128BAA-BAF7-4164-9786-B9B23E555B96}.Release|Any CPU.Build.0 = Release|Any CPU
		{E8128BAA-BAF7-4164-9786-B9B23E555B96}.Retail|Any CPU.ActiveCfg = Release|Any CPU
		{E8128BAA-BAF7-4164-9786-B9B23E555B96}.Retail|Any CPU.Build.0 = Release|Any CPU
		{F01C84F2-6E41-404C-AC8D-BF189A9EC05B}.Debug|Any CPU.ActiveCfg = Debug|Any CPU
		{F01C84F2-6E41-404C-AC8D-BF189A9EC05B}.Debug|Any CPU.Build.0 = Debug|Any CPU
		{F01C84F2-6E41-404C-AC8D-BF189A9EC05B}.Release|Any CPU.ActiveCfg = Release|Any CPU
		{F01C84F2-6E41-404C-AC8D-BF189A9EC05B}.Release|Any CPU.Build.0 = Release|Any CPU
		{F01C84F2-6E41-404C-AC8D-BF189A9EC05B}.Retail|Any CPU.ActiveCfg = Release|Any CPU
		{F01C84F2-6E41-404C-AC8D-BF189A9EC05B}.Retail|Any CPU.Build.0 = Release|Any CPU
		{559D9267-35CA-49DE-8928-E0AE222CF04A}.Debug|Any CPU.ActiveCfg = Debug|Any CPU
		{559D9267-35CA-49DE-8928-E0AE222CF04A}.Debug|Any CPU.Build.0 = Debug|Any CPU
		{559D9267-35CA-49DE-8928-E0AE222CF04A}.Release|Any CPU.ActiveCfg = Release|Any CPU
		{559D9267-35CA-49DE-8928-E0AE222CF04A}.Release|Any CPU.Build.0 = Release|Any CPU
		{559D9267-35CA-49DE-8928-E0AE222CF04A}.Retail|Any CPU.ActiveCfg = Release|Any CPU
		{559D9267-35CA-49DE-8928-E0AE222CF04A}.Retail|Any CPU.Build.0 = Release|Any CPU
		{9AAE2096-6F09-46E4-8BD2-D5A7E8E26047}.Debug|Any CPU.ActiveCfg = Debug|Any CPU
		{9AAE2096-6F09-46E4-8BD2-D5A7E8E26047}.Debug|Any CPU.Build.0 = Debug|Any CPU
		{9AAE2096-6F09-46E4-8BD2-D5A7E8E26047}.Release|Any CPU.ActiveCfg = Release|Any CPU
		{9AAE2096-6F09-46E4-8BD2-D5A7E8E26047}.Release|Any CPU.Build.0 = Release|Any CPU
		{9AAE2096-6F09-46E4-8BD2-D5A7E8E26047}.Retail|Any CPU.ActiveCfg = Release|Any CPU
		{9AAE2096-6F09-46E4-8BD2-D5A7E8E26047}.Retail|Any CPU.Build.0 = Release|Any CPU
		{342B987C-E0A4-4129-958D-8E08084E8A06}.Debug|Any CPU.ActiveCfg = Debug|Any CPU
		{342B987C-E0A4-4129-958D-8E08084E8A06}.Debug|Any CPU.Build.0 = Debug|Any CPU
		{342B987C-E0A4-4129-958D-8E08084E8A06}.Release|Any CPU.ActiveCfg = Release|Any CPU
		{342B987C-E0A4-4129-958D-8E08084E8A06}.Release|Any CPU.Build.0 = Release|Any CPU
		{342B987C-E0A4-4129-958D-8E08084E8A06}.Retail|Any CPU.ActiveCfg = Release|Any CPU
		{342B987C-E0A4-4129-958D-8E08084E8A06}.Retail|Any CPU.Build.0 = Release|Any CPU
		{F2F97121-B7E0-4435-8F38-47EB9B5C8E36}.Debug|Any CPU.ActiveCfg = Debug|Any CPU
		{F2F97121-B7E0-4435-8F38-47EB9B5C8E36}.Debug|Any CPU.Build.0 = Debug|Any CPU
		{F2F97121-B7E0-4435-8F38-47EB9B5C8E36}.Release|Any CPU.ActiveCfg = Release|Any CPU
		{F2F97121-B7E0-4435-8F38-47EB9B5C8E36}.Release|Any CPU.Build.0 = Release|Any CPU
		{F2F97121-B7E0-4435-8F38-47EB9B5C8E36}.Retail|Any CPU.ActiveCfg = Release|Any CPU
		{F2F97121-B7E0-4435-8F38-47EB9B5C8E36}.Retail|Any CPU.Build.0 = Release|Any CPU
		{05E7BD1E-6AB0-4D6E-91EB-B004AFA1A619}.Debug|Any CPU.ActiveCfg = Debug|Any CPU
		{05E7BD1E-6AB0-4D6E-91EB-B004AFA1A619}.Debug|Any CPU.Build.0 = Debug|Any CPU
		{05E7BD1E-6AB0-4D6E-91EB-B004AFA1A619}.Release|Any CPU.ActiveCfg = Release|Any CPU
		{05E7BD1E-6AB0-4D6E-91EB-B004AFA1A619}.Release|Any CPU.Build.0 = Release|Any CPU
		{05E7BD1E-6AB0-4D6E-91EB-B004AFA1A619}.Retail|Any CPU.ActiveCfg = Release|Any CPU
		{05E7BD1E-6AB0-4D6E-91EB-B004AFA1A619}.Retail|Any CPU.Build.0 = Release|Any CPU
		{AFD1AFE7-0B3E-4087-ABF8-73B7E212D320}.Debug|Any CPU.ActiveCfg = Debug|Any CPU
		{AFD1AFE7-0B3E-4087-ABF8-73B7E212D320}.Debug|Any CPU.Build.0 = Debug|Any CPU
		{AFD1AFE7-0B3E-4087-ABF8-73B7E212D320}.Release|Any CPU.ActiveCfg = Release|Any CPU
		{AFD1AFE7-0B3E-4087-ABF8-73B7E212D320}.Release|Any CPU.Build.0 = Release|Any CPU
		{AFD1AFE7-0B3E-4087-ABF8-73B7E212D320}.Retail|Any CPU.ActiveCfg = Release|Any CPU
		{AFD1AFE7-0B3E-4087-ABF8-73B7E212D320}.Retail|Any CPU.Build.0 = Release|Any CPU
	EndGlobalSection
	GlobalSection(SolutionProperties) = preSolution
		HideSolutionNode = FALSE
	EndGlobalSection
EndGlobal
